
Microsoft Visual Studio Solution File, Format Version 12.00
# Visual Studio Version 16
VisualStudioVersion = 16.0.30907.101
MinimumVisualStudioVersion = 10.0.40219.1
Project("{9A19103F-16F7-4668-BE54-9A1E7A4F7556}") = "RazerPagesMovie", "RazerPagesMovie.csproj", "{42E19499-0D75-4A5C-935B-0723680A16F9}"
EndProject
Global
	GlobalSection(SolutionConfigurationPlatforms) = preSolution
		Debug|Any CPU = Debug|Any CPU
		Release|Any CPU = Release|Any CPU
	EndGlobalSection
	GlobalSection(ProjectConfigurationPlatforms) = postSolution
		{42E19499-0D75-4A5C-935B-0723680A16F9}.Debug|Any CPU.ActiveCfg = Debug|Any CPU
		{42E19499-0D75-4A5C-935B-0723680A16F9}.Debug|Any CPU.Build.0 = Debug|Any CPU
		{42E19499-0D75-4A5C-935B-0723680A16F9}.Release|Any CPU.ActiveCfg = Release|Any CPU
		{42E19499-0D75-4A5C-935B-0723680A16F9}.Release|Any CPU.Build.0 = Release|Any CPU
	EndGlobalSection
	GlobalSection(SolutionProperties) = preSolution
		HideSolutionNode = FALSE
	EndGlobalSection
	GlobalSection(ExtensibilityGlobals) = postSolution
		SolutionGuid = {D3FDA941-F147-4DD2-BBD7-498EBBFC957C}
	EndGlobalSection
EndGlobal
